
Microsoft Visual Studio Solution File, Format Version 12.00
# Visual Studio 15
VisualStudioVersion = 15.0.28307.645
MinimumVisualStudioVersion = 10.0.40219.1
Project("{FAE04EC0-301F-11D3-BF4B-00C04F79EFBC}") = "BusBooking", "BusBooking\BusBooking.csproj", "{F74EE943-D066-40F6-A45F-772EBDF9D715}"
EndProject
Global
	GlobalSection(SolutionConfigurationPlatforms) = preSolution
		Debug|Any CPU = Debug|Any CPU
		Release|Any CPU = Release|Any CPU
	EndGlobalSection
	GlobalSection(ProjectConfigurationPlatforms) = postSolution
		{F74EE943-D066-40F6-A45F-772EBDF9D715}.Debug|Any CPU.ActiveCfg = Debug|Any CPU
		{F74EE943-D066-40F6-A45F-772EBDF9D715}.Debug|Any CPU.Build.0 = Debug|Any CPU
		{F74EE943-D066-40F6-A45F-772EBDF9D715}.Release|Any CPU.ActiveCfg = Release|Any CPU
		{F74EE943-D066-40F6-A45F-772EBDF9D715}.Release|Any CPU.Build.0 = Release|Any CPU
	EndGlobalSection
	GlobalSection(SolutionProperties) = preSolution
		HideSolutionNode = FALSE
	EndGlobalSection
	GlobalSection(ExtensibilityGlobals) = postSolution
		SolutionGuid = {4B02F739-66B6-43B8-A99F-BF18F45CBA0A}
	EndGlobalSection
EndGlobal
